
Microsoft Visual Studio Solution File, Format Version 11.00
# Visual Studio 2010
Project("{8BC9CEB8-8B4A-11D0-8D11-00A0C91BC942}") = "cudatrack", "cudatrack\cudatrack.vcxproj", "{5F8A98B0-52E1-4172-8B1C-151515B075DE}"
EndProject
Project("{8BC9CEB8-8B4A-11D0-8D11-00A0C91BC942}") = "cudatrack-test", "cudatrack-test\cudatrack-test.vcxproj", "{BEC9EC33-3C02-4F31-BDA6-B8068A215AA9}"
EndProject
Global
	GlobalSection(SolutionConfigurationPlatforms) = preSolution
		Debug|Win32 = Debug|Win32
		Release|Win32 = Release|Win32
	EndGlobalSection
	GlobalSection(ProjectConfigurationPlatforms) = postSolution
		{5F8A98B0-52E1-4172-8B1C-151515B075DE}.Debug|Win32.ActiveCfg = Debug|Win32
		{5F8A98B0-52E1-4172-8B1C-151515B075DE}.Debug|Win32.Build.0 = Debug|Win32
		{5F8A98B0-52E1-4172-8B1C-151515B075DE}.Release|Win32.ActiveCfg = Release|Win32
		{5F8A98B0-52E1-4172-8B1C-151515B075DE}.Release|Win32.Build.0 = Release|Win32
		{BEC9EC33-3C02-4F31-BDA6-B8068A215AA9}.Debug|Win32.ActiveCfg = Debug|Win32
		{BEC9EC33-3C02-4F31-BDA6-B8068A215AA9}.Debug|Win32.Build.0 = Debug|Win32
		{BEC9EC33-3C02-4F31-BDA6-B8068A215AA9}.Release|Win32.ActiveCfg = Release|Win32
		{BEC9EC33-3C02-4F31-BDA6-B8068A215AA9}.Release|Win32.Build.0 = Release|Win32
	EndGlobalSection
	GlobalSection(SolutionProperties) = preSolution
		HideSolutionNode = FALSE
	EndGlobalSection
EndGlobal
