<?xml version="1.0" encoding="utf-8"?>
<Project ToolsVersion="4.0" xmlns="http://schemas.microsoft.com/developer/msbuild/2003">
  <ItemGroup>
    <ClInclude Include="..\cudatrack\Array2D.h" />
    <ClInclude Include="..\cputrack\utils.h" />
    <ClInclude Include="..\cudatrack\cudafft\cudafft.h">
      <Filter>cudafft</Filter>
    </ClInclude>
    <ClInclude Include="..\cudatrack\cudaImageList.h" />
    <ClInclude Include="..\cudatrack\simplefft.h" />
    <ClInclude Include="..\cudatrack\gpu_utils.h" />
    <ClInclude Include="..\cputrack\TeLibJpeg\jmemdstsrc.h">
      <Filter>fastjpeg</Filter>
    </ClInclude>
    <ClInclude Include="..\cputrack\cpu_tracker.h" />
    <ClInclude Include="..\cputrack\QueuedTracker.h" />
    <ClInclude Include="..\cudatrack\QueuedCUDATracker.h" />
    <ClInclude Include="..\cudatrack\ImageSampler.h" />
    <ClInclude Include="..\cudatrack\Kernels.h" />
    <ClInclude Include="..\cputrack\QueuedCPUTracker.h" />
  </ItemGroup>
  <ItemGroup>
    <CudaCompile Include="test.cu" />
    <CudaCompile Include="..\cudatrack\QueuedCUDATracker.cu" />
  </ItemGroup>
  <ItemGroup>
    <Filter Include="cudafft">
      <UniqueIdentifier>{da74a339-6ee1-4e53-94e9-bd01631a49a6}</UniqueIdentifier>
    </Filter>
    <Filter Include="fastjpeg">
      <UniqueIdentifier>{ceb06e5e-14c3-46b3-b7f3-70ec6c617d7c}</UniqueIdentifier>
    </Filter>
  </ItemGroup>
  <ItemGroup>
    <ClCompile Include="..\cputrack\utils.cpp" />
    <ClCompile Include="..\cputrack\fastjpg.cpp">
      <Filter>fastjpeg</Filter>
    </ClCompile>
    <ClCompile Include="..\cputrack\TeLibJpeg\jmemdst.c">
      <Filter>fastjpeg</Filter>
    </ClCompile>
    <ClCompile Include="..\cputrack\TeLibJpeg\jmemsrc.c">
      <Filter>fastjpeg</Filter>
    </ClCompile>
    <ClCompile Include="..\cputrack\cpu_tracker.cpp" />
    <ClCompile Include="..\cputrack\QueuedTracker.cpp" />
    <ClCompile Include="..\cputrack\QueuedCPUTracker.cpp" />
  </ItemGroup>
</Project>