
Microsoft Visual Studio Solution File, Format Version 11.00
# Visual Studio 2010
Project("{FAE04EC0-301F-11D3-BF4B-00C04F79EFBC}") = "BeadTrackerEmailNotifier", "BeadTrackerEmailNotifier.csproj", "{214AF0A8-D0FA-47B3-AACF-FD53BA71724D}"
EndProject
Project("{FAE04EC0-301F-11D3-BF4B-00C04F79EFBC}") = "Comfirm.Services.Client.Rest", "Comfirm.Services.Client.Rest\Comfirm.Services.Client.Rest.csproj", "{D57677C1-EB9A-45AF-B688-47DB89F8DDBE}"
EndProject
Project("{FAE04EC0-301F-11D3-BF4B-00C04F79EFBC}") = "Comfirm.AlphaMail.Services.Client", "Comfirm.AlphaMail.Services.Client\Comfirm.AlphaMail.Services.Client.csproj", "{CD0288CC-55E1-4A3F-A8E0-EFA7B633EE1D}"
EndProject
Global
	GlobalSection(SolutionConfigurationPlatforms) = preSolution
		Debug|Any CPU = Debug|Any CPU
		Debug|Mixed Platforms = Debug|Mixed Platforms
		Debug|x86 = Debug|x86
		Release|Any CPU = Release|Any CPU
		Release|Mixed Platforms = Release|Mixed Platforms
		Release|x86 = Release|x86
	EndGlobalSection
	GlobalSection(ProjectConfigurationPlatforms) = postSolution
		{214AF0A8-D0FA-47B3-AACF-FD53BA71724D}.Debug|Any CPU.ActiveCfg = Debug|Any CPU
		{214AF0A8-D0FA-47B3-AACF-FD53BA71724D}.Debug|Any CPU.Build.0 = Debug|Any CPU
		{214AF0A8-D0FA-47B3-AACF-FD53BA71724D}.Debug|Mixed Platforms.ActiveCfg = Debug|Any CPU
		{214AF0A8-D0FA-47B3-AACF-FD53BA71724D}.Debug|Mixed Platforms.Build.0 = Debug|Any CPU
		{214AF0A8-D0FA-47B3-AACF-FD53BA71724D}.Debug|x86.ActiveCfg = Debug|Any CPU
		{214AF0A8-D0FA-47B3-AACF-FD53BA71724D}.Release|Any CPU.ActiveCfg = Release|Any CPU
		{214AF0A8-D0FA-47B3-AACF-FD53BA71724D}.Release|Any CPU.Build.0 = Release|Any CPU
		{214AF0A8-D0FA-47B3-AACF-FD53BA71724D}.Release|Mixed Platforms.ActiveCfg = Release|Any CPU
		{214AF0A8-D0FA-47B3-AACF-FD53BA71724D}.Release|Mixed Platforms.Build.0 = Release|Any CPU
		{214AF0A8-D0FA-47B3-AACF-FD53BA71724D}.Release|x86.ActiveCfg = Release|Any CPU
		{D57677C1-EB9A-45AF-B688-47DB89F8DDBE}.Debug|Any CPU.ActiveCfg = Debug|Any CPU
		{D57677C1-EB9A-45AF-B688-47DB89F8DDBE}.Debug|Any CPU.Build.0 = Debug|Any CPU
		{D57677C1-EB9A-45AF-B688-47DB89F8DDBE}.Debug|Mixed Platforms.ActiveCfg = Debug|Any CPU
		{D57677C1-EB9A-45AF-B688-47DB89F8DDBE}.Debug|Mixed Platforms.Build.0 = Debug|Any CPU
		{D57677C1-EB9A-45AF-B688-47DB89F8DDBE}.Debug|x86.ActiveCfg = Debug|Any CPU
		{D57677C1-EB9A-45AF-B688-47DB89F8DDBE}.Release|Any CPU.ActiveCfg = Release|Any CPU
		{D57677C1-EB9A-45AF-B688-47DB89F8DDBE}.Release|Any CPU.Build.0 = Release|Any CPU
		{D57677C1-EB9A-45AF-B688-47DB89F8DDBE}.Release|Mixed Platforms.ActiveCfg = Release|Any CPU
		{D57677C1-EB9A-45AF-B688-47DB89F8DDBE}.Release|Mixed Platforms.Build.0 = Release|Any CPU
		{D57677C1-EB9A-45AF-B688-47DB89F8DDBE}.Release|x86.ActiveCfg = Release|Any CPU
		{CD0288CC-55E1-4A3F-A8E0-EFA7B633EE1D}.Debug|Any CPU.ActiveCfg = Debug|Any CPU
		{CD0288CC-55E1-4A3F-A8E0-EFA7B633EE1D}.Debug|Any CPU.Build.0 = Debug|Any CPU
		{CD0288CC-55E1-4A3F-A8E0-EFA7B633EE1D}.Debug|Mixed Platforms.ActiveCfg = Debug|Any CPU
		{CD0288CC-55E1-4A3F-A8E0-EFA7B633EE1D}.Debug|Mixed Platforms.Build.0 = Debug|Any CPU
		{CD0288CC-55E1-4A3F-A8E0-EFA7B633EE1D}.Debug|x86.ActiveCfg = Debug|Any CPU
		{CD0288CC-55E1-4A3F-A8E0-EFA7B633EE1D}.Release|Any CPU.ActiveCfg = Release|Any CPU
		{CD0288CC-55E1-4A3F-A8E0-EFA7B633EE1D}.Release|Any CPU.Build.0 = Release|Any CPU
		{CD0288CC-55E1-4A3F-A8E0-EFA7B633EE1D}.Release|Mixed Platforms.ActiveCfg = Release|Any CPU
		{CD0288CC-55E1-4A3F-A8E0-EFA7B633EE1D}.Release|Mixed Platforms.Build.0 = Release|Any CPU
		{CD0288CC-55E1-4A3F-A8E0-EFA7B633EE1D}.Release|x86.ActiveCfg = Release|Any CPU
	EndGlobalSection
	GlobalSection(SolutionProperties) = preSolution
		HideSolutionNode = FALSE
	EndGlobalSection
EndGlobal
