
Microsoft Visual Studio Solution File, Format Version 11.00
# Visual Studio 2010
Project("{8BC9CEB8-8B4A-11D0-8D11-00A0C91BC942}") = "cputrack", "..\cputrack\cputrack.vcxproj", "{1790E71E-B0EE-4BF9-8C27-0CD6C1B6DF4B}"
EndProject
Project("{8BC9CEB8-8B4A-11D0-8D11-00A0C91BC942}") = "cudatrack", "..\cudatrack\cudatrack.vcxproj", "{ABB7D1D8-B6AD-4225-B2BB-345F1794BA88}"
EndProject
Project("{8BC9CEB8-8B4A-11D0-8D11-00A0C91BC942}") = "lvfastcamgrab", "lvfastcamgrab.vcxproj", "{EE628A7B-E3ED-4858-B5E8-AA588FADD042}"
EndProject
Project("{8BC9CEB8-8B4A-11D0-8D11-00A0C91BC942}") = "fastcamgrab", "fastcamgrab.vcxproj", "{35498BB6-ED5E-478D-AAF9-C7462918D593}"
	ProjectSection(ProjectDependencies) = postProject
		{1790E71E-B0EE-4BF9-8C27-0CD6C1B6DF4B} = {1790E71E-B0EE-4BF9-8C27-0CD6C1B6DF4B}
	EndProjectSection
EndProject
Global
	GlobalSection(SolutionConfigurationPlatforms) = preSolution
		Debug|Win32 = Debug|Win32
		Release|Win32 = Release|Win32
	EndGlobalSection
	GlobalSection(ProjectConfigurationPlatforms) = postSolution
		{1790E71E-B0EE-4BF9-8C27-0CD6C1B6DF4B}.Debug|Win32.ActiveCfg = Debug-Single|Win32
		{1790E71E-B0EE-4BF9-8C27-0CD6C1B6DF4B}.Debug|Win32.Build.0 = Debug-Single|Win32
		{1790E71E-B0EE-4BF9-8C27-0CD6C1B6DF4B}.Release|Win32.ActiveCfg = Release-Single|Win32
		{1790E71E-B0EE-4BF9-8C27-0CD6C1B6DF4B}.Release|Win32.Build.0 = Release-Single|Win32
		{ABB7D1D8-B6AD-4225-B2BB-345F1794BA88}.Debug|Win32.ActiveCfg = Debug|Win32
		{ABB7D1D8-B6AD-4225-B2BB-345F1794BA88}.Debug|Win32.Build.0 = Debug|Win32
		{ABB7D1D8-B6AD-4225-B2BB-345F1794BA88}.Release|Win32.ActiveCfg = Release|Win32
		{ABB7D1D8-B6AD-4225-B2BB-345F1794BA88}.Release|Win32.Build.0 = Release|Win32
		{EE628A7B-E3ED-4858-B5E8-AA588FADD042}.Debug|Win32.ActiveCfg = Debug|Win32
		{EE628A7B-E3ED-4858-B5E8-AA588FADD042}.Debug|Win32.Build.0 = Debug|Win32
		{EE628A7B-E3ED-4858-B5E8-AA588FADD042}.Release|Win32.ActiveCfg = Release|Win32
		{EE628A7B-E3ED-4858-B5E8-AA588FADD042}.Release|Win32.Build.0 = Release|Win32
		{35498BB6-ED5E-478D-AAF9-C7462918D593}.Debug|Win32.ActiveCfg = Debug|Win32
		{35498BB6-ED5E-478D-AAF9-C7462918D593}.Debug|Win32.Build.0 = Debug|Win32
		{35498BB6-ED5E-478D-AAF9-C7462918D593}.Release|Win32.ActiveCfg = Release|Win32
		{35498BB6-ED5E-478D-AAF9-C7462918D593}.Release|Win32.Build.0 = Release|Win32
	EndGlobalSection
	GlobalSection(SolutionProperties) = preSolution
		HideSolutionNode = FALSE
	EndGlobalSection
EndGlobal
